
Microsoft Visual Studio Solution File, Format Version 12.00
# Visual Studio 15
VisualStudioVersion = 15.0.28010.2016
MinimumVisualStudioVersion = 10.0.40219.1
Project("{FAE04EC0-301F-11D3-BF4B-00C04F79EFBC}") = "LearnJohnAThing", "LearnJohnAThing\LearnJohnAThing.csproj", "{FC500FE1-18A3-4ACA-8B3D-8E3E7F675794}"
EndProject
Global
	GlobalSection(SolutionConfigurationPlatforms) = preSolution
		Debug|Any CPU = Debug|Any CPU
		Release|Any CPU = Release|Any CPU
	EndGlobalSection
	GlobalSection(ProjectConfigurationPlatforms) = postSolution
		{FC500FE1-18A3-4ACA-8B3D-8E3E7F675794}.Debug|Any CPU.ActiveCfg = Debug|Any CPU
		{FC500FE1-18A3-4ACA-8B3D-8E3E7F675794}.Debug|Any CPU.Build.0 = Debug|Any CPU
		{FC500FE1-18A3-4ACA-8B3D-8E3E7F675794}.Release|Any CPU.ActiveCfg = Release|Any CPU
		{FC500FE1-18A3-4ACA-8B3D-8E3E7F675794}.Release|Any CPU.Build.0 = Release|Any CPU
	EndGlobalSection
	GlobalSection(SolutionProperties) = preSolution
		HideSolutionNode = FALSE
	EndGlobalSection
	GlobalSection(ExtensibilityGlobals) = postSolution
		SolutionGuid = {182EEC39-2407-44CB-AFE3-CC9EFCDFD099}
	EndGlobalSection
EndGlobal
